
Microsoft Visual Studio Solution File, Format Version 12.00
# Visual Studio Version 16
VisualStudioVersion = 16.0.28803.452
MinimumVisualStudioVersion = 10.0.40219.1
Project("{9A19103F-16F7-4668-BE54-9A1E7A4F7556}") = "CSharpFunctionalExtensions.NHibernate", "CSharpFunctionalExtensions.NHibernate\CSharpFunctionalExtensions.NHibernate.csproj", "{16C529A0-A479-4DB7-B203-980C1CF91D80}"
EndProject
Project("{2150E333-8FDC-42A3-9474-1A3956D46DE8}") = "Solution Items", "Solution Items", "{9C17FEBA-4722-4BA0-87FA-5AAC13A273F1}"
	ProjectSection(SolutionItems) = preProject
		README.md = README.md
	EndProjectSection
EndProject
Global
	GlobalSection(SolutionConfigurationPlatforms) = preSolution
		Debug|Any CPU = Debug|Any CPU
		Release|Any CPU = Release|Any CPU
	EndGlobalSection
	GlobalSection(ProjectConfigurationPlatforms) = postSolution
		{16C529A0-A479-4DB7-B203-980C1CF91D80}.Debug|Any CPU.ActiveCfg = Debug|Any CPU
		{16C529A0-A479-4DB7-B203-980C1CF91D80}.Debug|Any CPU.Build.0 = Debug|Any CPU
		{16C529A0-A479-4DB7-B203-980C1CF91D80}.Release|Any CPU.ActiveCfg = Release|Any CPU
		{16C529A0-A479-4DB7-B203-980C1CF91D80}.Release|Any CPU.Build.0 = Release|Any CPU
	EndGlobalSection
	GlobalSection(SolutionProperties) = preSolution
		HideSolutionNode = FALSE
	EndGlobalSection
	GlobalSection(ExtensibilityGlobals) = postSolution
		SolutionGuid = {E95323C1-5B9D-4057-A532-B088A695BF83}
	EndGlobalSection
EndGlobal
